
Microsoft Visual Studio Solution File, Format Version 12.00
# Visual Studio 15
VisualStudioVersion = 15.0.26730.12
MinimumVisualStudioVersion = 10.0.40219.1
Project("{FAE04EC0-301F-11D3-BF4B-00C04F79EFBC}") = "PSH.MVC", "PSH.MVC\PSH.MVC.csproj", "{CEDD98AA-84C9-42DB-8C02-F7D168D2F8D4}"
EndProject
Project("{2150E333-8FDC-42A3-9474-1A3956D46DE8}") = "MVC", "MVC", "{81714DA4-BA29-4330-88A6-5C2975594E8B}"
EndProject
Project("{2150E333-8FDC-42A3-9474-1A3956D46DE8}") = "Libraries", "Libraries", "{4D535A88-4EAD-4E67-A4E9-98348A2D2B31}"
EndProject
Project("{FAE04EC0-301F-11D3-BF4B-00C04F79EFBC}") = "PHS.Lib", "..\PHS.Libraries\PHS.Lib\PHS.Lib.csproj", "{96E34EB2-CDA6-4B27-8764-53CE40A8A95A}"
EndProject
Project("{FAE04EC0-301F-11D3-BF4B-00C04F79EFBC}") = "PHS.Lib.Auth", "..\PHS.Libraries\PHS.Lib\PHS.Lib.Auth\PHS.Lib.Auth.csproj", "{22AFD16B-1745-4F51-9CB8-DD3F153396A9}"
EndProject
Project("{2150E333-8FDC-42A3-9474-1A3956D46DE8}") = "DAL", "DAL", "{FD00396D-05E5-437A-9AA6-A5F8ACA43992}"
EndProject
Project("{FAE04EC0-301F-11D3-BF4B-00C04F79EFBC}") = "PSH.DAL", "..\PSH.DAL\PSH.DAL\PSH.DAL.csproj", "{B281D5BF-F6AC-4396-BC0D-E60F11C2BA99}"
EndProject
Project("{FAE04EC0-301F-11D3-BF4B-00C04F79EFBC}") = "PSH.DAL.Auth", "..\PSH.DAL\PSH.DAL.Auth\PSH.DAL.Auth.csproj", "{B9AEAE7A-7A4A-406B-9D9E-F9FC0F4B2E16}"
EndProject
Project("{2150E333-8FDC-42A3-9474-1A3956D46DE8}") = "Service", "Service", "{78EA9B75-19D8-47B3-9B8E-C9E11F55B14F}"
EndProject
Project("{FAE04EC0-301F-11D3-BF4B-00C04F79EFBC}") = "PHS.Service", "..\PHS.Service\PHS.Service\PHS.Service.csproj", "{16C569DE-F798-46D5-9E03-D7251F971599}"
EndProject
Project("{FAE04EC0-301F-11D3-BF4B-00C04F79EFBC}") = "PHS.Service.Auth", "..\PHS.Service\PHS.Service\PHS.Service.Auth\PHS.Service.Auth.csproj", "{675D581D-B4F1-4E46-9074-CC97632DA49B}"
EndProject
Global
	GlobalSection(SolutionConfigurationPlatforms) = preSolution
		Debug|Any CPU = Debug|Any CPU
		Release|Any CPU = Release|Any CPU
	EndGlobalSection
	GlobalSection(ProjectConfigurationPlatforms) = postSolution
		{CEDD98AA-84C9-42DB-8C02-F7D168D2F8D4}.Debug|Any CPU.ActiveCfg = Debug|Any CPU
		{CEDD98AA-84C9-42DB-8C02-F7D168D2F8D4}.Debug|Any CPU.Build.0 = Debug|Any CPU
		{CEDD98AA-84C9-42DB-8C02-F7D168D2F8D4}.Release|Any CPU.ActiveCfg = Release|Any CPU
		{CEDD98AA-84C9-42DB-8C02-F7D168D2F8D4}.Release|Any CPU.Build.0 = Release|Any CPU
		{96E34EB2-CDA6-4B27-8764-53CE40A8A95A}.Debug|Any CPU.ActiveCfg = Debug|Any CPU
		{96E34EB2-CDA6-4B27-8764-53CE40A8A95A}.Debug|Any CPU.Build.0 = Debug|Any CPU
		{96E34EB2-CDA6-4B27-8764-53CE40A8A95A}.Release|Any CPU.ActiveCfg = Release|Any CPU
		{96E34EB2-CDA6-4B27-8764-53CE40A8A95A}.Release|Any CPU.Build.0 = Release|Any CPU
		{22AFD16B-1745-4F51-9CB8-DD3F153396A9}.Debug|Any CPU.ActiveCfg = Debug|Any CPU
		{22AFD16B-1745-4F51-9CB8-DD3F153396A9}.Debug|Any CPU.Build.0 = Debug|Any CPU
		{22AFD16B-1745-4F51-9CB8-DD3F153396A9}.Release|Any CPU.ActiveCfg = Release|Any CPU
		{22AFD16B-1745-4F51-9CB8-DD3F153396A9}.Release|Any CPU.Build.0 = Release|Any CPU
		{B281D5BF-F6AC-4396-BC0D-E60F11C2BA99}.Debug|Any CPU.ActiveCfg = Debug|Any CPU
		{B281D5BF-F6AC-4396-BC0D-E60F11C2BA99}.Debug|Any CPU.Build.0 = Debug|Any CPU
		{B281D5BF-F6AC-4396-BC0D-E60F11C2BA99}.Release|Any CPU.ActiveCfg = Release|Any CPU
		{B281D5BF-F6AC-4396-BC0D-E60F11C2BA99}.Release|Any CPU.Build.0 = Release|Any CPU
		{B9AEAE7A-7A4A-406B-9D9E-F9FC0F4B2E16}.Debug|Any CPU.ActiveCfg = Debug|Any CPU
		{B9AEAE7A-7A4A-406B-9D9E-F9FC0F4B2E16}.Debug|Any CPU.Build.0 = Debug|Any CPU
		{B9AEAE7A-7A4A-406B-9D9E-F9FC0F4B2E16}.Release|Any CPU.ActiveCfg = Release|Any CPU
		{B9AEAE7A-7A4A-406B-9D9E-F9FC0F4B2E16}.Release|Any CPU.Build.0 = Release|Any CPU
		{16C569DE-F798-46D5-9E03-D7251F971599}.Debug|Any CPU.ActiveCfg = Debug|Any CPU
		{16C569DE-F798-46D5-9E03-D7251F971599}.Debug|Any CPU.Build.0 = Debug|Any CPU
		{16C569DE-F798-46D5-9E03-D7251F971599}.Release|Any CPU.ActiveCfg = Release|Any CPU
		{16C569DE-F798-46D5-9E03-D7251F971599}.Release|Any CPU.Build.0 = Release|Any CPU
		{675D581D-B4F1-4E46-9074-CC97632DA49B}.Debug|Any CPU.ActiveCfg = Debug|Any CPU
		{675D581D-B4F1-4E46-9074-CC97632DA49B}.Debug|Any CPU.Build.0 = Debug|Any CPU
		{675D581D-B4F1-4E46-9074-CC97632DA49B}.Release|Any CPU.ActiveCfg = Release|Any CPU
		{675D581D-B4F1-4E46-9074-CC97632DA49B}.Release|Any CPU.Build.0 = Release|Any CPU
	EndGlobalSection
	GlobalSection(SolutionProperties) = preSolution
		HideSolutionNode = FALSE
	EndGlobalSection
	GlobalSection(NestedProjects) = preSolution
		{CEDD98AA-84C9-42DB-8C02-F7D168D2F8D4} = {81714DA4-BA29-4330-88A6-5C2975594E8B}
		{96E34EB2-CDA6-4B27-8764-53CE40A8A95A} = {4D535A88-4EAD-4E67-A4E9-98348A2D2B31}
		{22AFD16B-1745-4F51-9CB8-DD3F153396A9} = {4D535A88-4EAD-4E67-A4E9-98348A2D2B31}
		{B281D5BF-F6AC-4396-BC0D-E60F11C2BA99} = {FD00396D-05E5-437A-9AA6-A5F8ACA43992}
		{B9AEAE7A-7A4A-406B-9D9E-F9FC0F4B2E16} = {FD00396D-05E5-437A-9AA6-A5F8ACA43992}
		{16C569DE-F798-46D5-9E03-D7251F971599} = {78EA9B75-19D8-47B3-9B8E-C9E11F55B14F}
		{675D581D-B4F1-4E46-9074-CC97632DA49B} = {78EA9B75-19D8-47B3-9B8E-C9E11F55B14F}
	EndGlobalSection
	GlobalSection(ExtensibilityGlobals) = postSolution
		SolutionGuid = {18307B6A-E11C-4D87-B982-A5C95A366215}
	EndGlobalSection
EndGlobal
